
Microsoft Visual Studio Solution File, Format Version 12.00
# Visual Studio Version 17
VisualStudioVersion = 17.0.31903.59
MinimumVisualStudioVersion = 10.0.40219.1
Project("{FAE04EC0-301F-11D3-BF4B-00C04F79EFBC}") = "delegates", "delegates\delegates.csproj", "{C926BD21-FC6B-474B-9762-BD9CE7F5979E}"
EndProject
Global
	GlobalSection(SolutionConfigurationPlatforms) = preSolution
		Debug|Any CPU = Debug|Any CPU
		Release|Any CPU = Release|Any CPU
	EndGlobalSection
	GlobalSection(SolutionProperties) = preSolution
		HideSolutionNode = FALSE
	EndGlobalSection
	GlobalSection(ProjectConfigurationPlatforms) = postSolution
		{C926BD21-FC6B-474B-9762-BD9CE7F5979E}.Debug|Any CPU.ActiveCfg = Debug|Any CPU
		{C926BD21-FC6B-474B-9762-BD9CE7F5979E}.Debug|Any CPU.Build.0 = Debug|Any CPU
		{C926BD21-FC6B-474B-9762-BD9CE7F5979E}.Release|Any CPU.ActiveCfg = Release|Any CPU
		{C926BD21-FC6B-474B-9762-BD9CE7F5979E}.Release|Any CPU.Build.0 = Release|Any CPU
	EndGlobalSection
EndGlobal
